{
  "name": "seshy",
  "version": "1.0.0",
  "lockfileVersion": 3,
  "requires": true,
  "packages": {
    "": {
      "name": "seshy",
      "version": "1.0.0",
      "license": "ISC",
      "workspaces": [
        "packages/core",
        "packages/sessions"
      ],
      "devDependencies": {
        "typescript": "^6.0.3"
      }
    },
    "node_modules/@seshy/core": {
      "resolved": "packages/core",
      "link": true
    },
    "node_modules/@seshy/sessions": {
      "resolved": "packages/sessions",
      "link": true
    },
    "node_modules/typescript": {
      "version": "6.0.3",
      "resolved": "https://registry.npmjs.org/typescript/-/typescript-6.0.3.tgz",
      "integrity": "sha512-y2TvuxSZPDyQakkFRPZHKFm+KKVqIisdg9/CZwm9ftvKXLP8NRWj38/ODjNbr43SsoXqNuAisEf1GdCxqWcdBw==",
      "dev": true,
      "license": "Apache-2.0",
      "bin": {
        "tsc": "bin/tsc",
        "tsserver": "bin/tsserver"
      },
      "engines": {
        "node": ">=14.17"
      }
    },
    "packages/core": {
      "name": "@seshy/core",
      "version": "1.0.0",
      "license": "ISC"
    },
    "packages/sessions": {
      "name": "@seshy/sessions",
      "version": "1.0.0",
      "license": "ISC",
      "dependencies": {
        "@seshy/core": "^1.0.0"
      }
    }
  }
}
